// !$*UTF8*$!
{
	archiveVersion = 1;
	classes = {
	};
	objectVersion = 56;
	objects = {

/* Begin PBXBuildFile section */
		4EFE67 /* ManageViewsSheet.swift in Sources */ = {isa = PBXBuildFile; fileRef = 6C76CE /* ManageViewsSheet.swift */; };
		54A55E /* SaveViewDialog.swift in Sources */ = {isa = PBXBuildFile; fileRef = 069156 /* SaveViewDialog.swift */; };
		A693ABF02EE7AB4C00768F00 /* MentionTextField.swift in Sources */ = {isa = PBXBuildFile; fileRef = A693ABEF2EE7AB4C00768F00 /* MentionTextField.swift */; };
		A6BACF672ED7C002000A4D2B /* JQLAutocomplete.swift in Sources */ = {isa = PBXBuildFile; fileRef = A6BACF662ED7C002000A4D2B /* JQLAutocomplete.swift */; };
		A6BACF692ED7C013000A4D2B /* JQLBuilderView.swift in Sources */ = {isa = PBXBuildFile; fileRef = A6BACF682ED7C013000A4D2B /* JQLBuilderView.swift */; };
		A6CBA4BA2ED0395200528322 /* WhisperService.swift in Sources */ = {isa = PBXBuildFile; fileRef = A6CBA4B92ED0395200528322 /* WhisperService.swift */; };
		A6CBA4BB2ED0395200528322 /* AudioRecorder.swift in Sources */ = {isa = PBXBuildFile; fileRef = A6CBA4B82ED0395200528322 /* AudioRecorder.swift */; };
		A6CBA4BD2ED0395F00528322 /* IndigoModels.swift in Sources */ = {isa = PBXBuildFile; fileRef = A6CBA4BC2ED0395F00528322 /* IndigoModels.swift */; };
		A6CBA4C02ED0397500528322 /* IndigoViewModel.swift in Sources */ = {isa = PBXBuildFile; fileRef = A6CBA4BE2ED0397500528322 /* IndigoViewModel.swift */; };
		A6CBA4C32ED0398E00528322 /* IndigoView.swift in Sources */ = {isa = PBXBuildFile; fileRef = A6CBA4C12ED0398E00528322 /* IndigoView.swift */; };
		A6CBA4C42ED0398E00528322 /* VisualEffectView.swift in Sources */ = {isa = PBXBuildFile; fileRef = A6CBA4C22ED0398E00528322 /* VisualEffectView.swift */; };
		A6CBA4C72ED039CE00528322 /* WhisperKit in Frameworks */ = {isa = PBXBuildFile; productRef = A6CBA4C62ED039CE00528322 /* WhisperKit */; };
		A6CBA4CA2ED03EF400528322 /* VertexAIClient.swift in Sources */ = {isa = PBXBuildFile; fileRef = A6CBA4C92ED03EF400528322 /* VertexAIClient.swift */; };
		A6CBA4CB2ED03EF400528322 /* AIService.swift in Sources */ = {isa = PBXBuildFile; fileRef = A6CBA4C82ED03EF400528322 /* AIService.swift */; };
		A6F144C32EE16DF5006F5F2C /* MenuBarManager.swift in Sources */ = {isa = PBXBuildFile; fileRef = A6F144C22EE16DF5006F5F2C /* MenuBarManager.swift */; };
		A6F144C52EE16E04006F5F2C /* MenuBarQuickCreateView.swift in Sources */ = {isa = PBXBuildFile; fileRef = A6F144C42EE16E04006F5F2C /* MenuBarQuickCreateView.swift */; };
		AA0001 /* ViewpointApp.swift in Sources */ = {isa = PBXBuildFile; fileRef = BB0001 /* ViewpointApp.swift */; };
		AA0002 /* ContentView.swift in Sources */ = {isa = PBXBuildFile; fileRef = BB0002 /* ContentView.swift */; };
		AA0003 /* JiraModels.swift in Sources */ = {isa = PBXBuildFile; fileRef = BB0003 /* JiraModels.swift */; };
		AA0004 /* JiraService.swift in Sources */ = {isa = PBXBuildFile; fileRef = BB0004 /* JiraService.swift */; };
		AA0005 /* FilterPanel.swift in Sources */ = {isa = PBXBuildFile; fileRef = BB0005 /* FilterPanel.swift */; };
		AA0006 /* SprintInfoView.swift in Sources */ = {isa = PBXBuildFile; fileRef = BB0006 /* SprintInfoView.swift */; };
		AA0007 /* Configuration.swift in Sources */ = {isa = PBXBuildFile; fileRef = BB0007 /* Configuration.swift */; };
		AA0008 /* Assets.xcassets in Resources */ = {isa = PBXBuildFile; fileRef = BB0010 /* Assets.xcassets */; };
		AA0009 /* PersistentSplitView.swift in Sources */ = {isa = PBXBuildFile; fileRef = BB0011 /* PersistentSplitView.swift */; };
		AA0010 /* SettingsView.swift in Sources */ = {isa = PBXBuildFile; fileRef = BB0012 /* SettingsView.swift */; };
		AA0011 /* Logger.swift in Sources */ = {isa = PBXBuildFile; fileRef = BB0013 /* Logger.swift */; };
		AA0012 /* IssueDetailView.swift in Sources */ = {isa = PBXBuildFile; fileRef = BB0014 /* IssueDetailView.swift */; };
		B32940 /* SavedView.swift in Sources */ = {isa = PBXBuildFile; fileRef = 2B4DE6 /* SavedView.swift */; };
/* End PBXBuildFile section */

/* Begin PBXFileReference section */
		069156 /* SaveViewDialog.swift */ = {isa = PBXFileReference; lastKnownFileType = sourcecode.swift; path = SaveViewDialog.swift; sourceTree = "<group>"; };
		2B4DE6 /* SavedView.swift */ = {isa = PBXFileReference; lastKnownFileType = sourcecode.swift; path = SavedView.swift; sourceTree = "<group>"; };
		6C76CE /* ManageViewsSheet.swift */ = {isa = PBXFileReference; lastKnownFileType = sourcecode.swift; path = ManageViewsSheet.swift; sourceTree = "<group>"; };
		A693ABEF2EE7AB4C00768F00 /* MentionTextField.swift */ = {isa = PBXFileReference; lastKnownFileType = sourcecode.swift; path = MentionTextField.swift; sourceTree = "<group>"; };
		A6BACF662ED7C002000A4D2B /* JQLAutocomplete.swift */ = {isa = PBXFileReference; lastKnownFileType = sourcecode.swift; path = JQLAutocomplete.swift; sourceTree = "<group>"; };
		A6BACF682ED7C013000A4D2B /* JQLBuilderView.swift */ = {isa = PBXFileReference; lastKnownFileType = sourcecode.swift; path = JQLBuilderView.swift; sourceTree = "<group>"; };
		A6CBA4B82ED0395200528322 /* AudioRecorder.swift */ = {isa = PBXFileReference; lastKnownFileType = sourcecode.swift; path = AudioRecorder.swift; sourceTree = "<group>"; };
		A6CBA4B92ED0395200528322 /* WhisperService.swift */ = {isa = PBXFileReference; lastKnownFileType = sourcecode.swift; path = WhisperService.swift; sourceTree = "<group>"; };
		A6CBA4BC2ED0395F00528322 /* IndigoModels.swift */ = {isa = PBXFileReference; lastKnownFileType = sourcecode.swift; path = IndigoModels.swift; sourceTree = "<group>"; };
		A6CBA4BE2ED0397500528322 /* IndigoViewModel.swift */ = {isa = PBXFileReference; lastKnownFileType = sourcecode.swift; path = IndigoViewModel.swift; sourceTree = "<group>"; };
		A6CBA4C12ED0398E00528322 /* IndigoView.swift */ = {isa = PBXFileReference; lastKnownFileType = sourcecode.swift; path = IndigoView.swift; sourceTree = "<group>"; };
		A6CBA4C22ED0398E00528322 /* VisualEffectView.swift */ = {isa = PBXFileReference; lastKnownFileType = sourcecode.swift; path = VisualEffectView.swift; sourceTree = "<group>"; };
		A6CBA4C82ED03EF400528322 /* AIService.swift */ = {isa = PBXFileReference; lastKnownFileType = sourcecode.swift; path = AIService.swift; sourceTree = "<group>"; };
		A6CBA4C92ED03EF400528322 /* VertexAIClient.swift */ = {isa = PBXFileReference; lastKnownFileType = sourcecode.swift; path = VertexAIClient.swift; sourceTree = "<group>"; };
		A6F144C22EE16DF5006F5F2C /* MenuBarManager.swift */ = {isa = PBXFileReference; lastKnownFileType = sourcecode.swift; path = MenuBarManager.swift; sourceTree = "<group>"; };
		A6F144C42EE16E04006F5F2C /* MenuBarQuickCreateView.swift */ = {isa = PBXFileReference; lastKnownFileType = sourcecode.swift; path = MenuBarQuickCreateView.swift; sourceTree = "<group>"; };
		BB0001 /* ViewpointApp.swift */ = {isa = PBXFileReference; lastKnownFileType = sourcecode.swift; path = ViewpointApp.swift; sourceTree = "<group>"; };
		BB0002 /* ContentView.swift */ = {isa = PBXFileReference; lastKnownFileType = sourcecode.swift; path = ContentView.swift; sourceTree = "<group>"; };
		BB0003 /* JiraModels.swift */ = {isa = PBXFileReference; lastKnownFileType = sourcecode.swift; path = JiraModels.swift; sourceTree = "<group>"; };
		BB0004 /* JiraService.swift */ = {isa = PBXFileReference; lastKnownFileType = sourcecode.swift; path = JiraService.swift; sourceTree = "<group>"; };
		BB0005 /* FilterPanel.swift */ = {isa = PBXFileReference; lastKnownFileType = sourcecode.swift; path = FilterPanel.swift; sourceTree = "<group>"; };
		BB0006 /* SprintInfoView.swift */ = {isa = PBXFileReference; lastKnownFileType = sourcecode.swift; path = SprintInfoView.swift; sourceTree = "<group>"; };
		BB0007 /* Configuration.swift */ = {isa = PBXFileReference; lastKnownFileType = sourcecode.swift; path = Configuration.swift; sourceTree = "<group>"; };
		BB0008 /* Info.plist */ = {isa = PBXFileReference; lastKnownFileType = text.plist.xml; path = Info.plist; sourceTree = "<group>"; };
		BB0009 /* Viewpoint.entitlements */ = {isa = PBXFileReference; lastKnownFileType = text.plist.entitlements; path = Viewpoint.entitlements; sourceTree = "<group>"; };
		BB0010 /* Assets.xcassets */ = {isa = PBXFileReference; lastKnownFileType = folder.assetcatalog; path = Assets.xcassets; sourceTree = "<group>"; };
		BB0011 /* PersistentSplitView.swift */ = {isa = PBXFileReference; lastKnownFileType = sourcecode.swift; path = PersistentSplitView.swift; sourceTree = "<group>"; };
		BB0012 /* SettingsView.swift */ = {isa = PBXFileReference; lastKnownFileType = sourcecode.swift; path = SettingsView.swift; sourceTree = "<group>"; };
		BB0013 /* Logger.swift */ = {isa = PBXFileReference; lastKnownFileType = sourcecode.swift; path = Logger.swift; sourceTree = "<group>"; };
		BB0014 /* IssueDetailView.swift */ = {isa = PBXFileReference; lastKnownFileType = sourcecode.swift; path = IssueDetailView.swift; sourceTree = "<group>"; };
		CC0001 /* Viewpoint.app */ = {isa = PBXFileReference; explicitFileType = wrapper.application; includeInIndex = 0; path = Viewpoint.app; sourceTree = BUILT_PRODUCTS_DIR; };
/* End PBXFileReference section */

/* Begin PBXFrameworksBuildPhase section */
		DD0001 /* Frameworks */ = {
			isa = PBXFrameworksBuildPhase;
			buildActionMask = 2147483647;
			files = (
				A6CBA4C72ED039CE00528322 /* WhisperKit in Frameworks */,
			);
			runOnlyForDeploymentPostprocessing = 0;
		};
/* End PBXFrameworksBuildPhase section */

/* Begin PBXGroup section */
		A6CBA4BF2ED0397500528322 /* ViewModels */ = {
			isa = PBXGroup;
			children = (
				A6CBA4BE2ED0397500528322 /* IndigoViewModel.swift */,
			);
			path = ViewModels;
			sourceTree = "<group>";
		};
		EE0001 = {
			isa = PBXGroup;
			children = (
				FF0001 /* Viewpoint */,
				GG0001 /* Products */,
			);
			sourceTree = "<group>";
		};
		FF0001 /* Viewpoint */ = {
			isa = PBXGroup;
			children = (
				BB0001 /* ViewpointApp.swift */,
				BB0002 /* ContentView.swift */,
				FF0002 /* Models */,
				FF0003 /* Services */,
				FF0004 /* Views */,
				FF0005 /* Config */,
				BB0010 /* Assets.xcassets */,
				BB0008 /* Info.plist */,
				BB0009 /* Viewpoint.entitlements */,
				A6CBA4BF2ED0397500528322 /* ViewModels */,
			);
			path = Viewpoint;
			sourceTree = "<group>";
		};
		FF0002 /* Models */ = {
			isa = PBXGroup;
			children = (
				A6BACF662ED7C002000A4D2B /* JQLAutocomplete.swift */,
				BB0003 /* JiraModels.swift */,
				A6CBA4BC2ED0395F00528322 /* IndigoModels.swift */,
				2B4DE6 /* SavedView.swift */,
			);
			path = Models;
			sourceTree = "<group>";
		};
		FF0003 /* Services */ = {
			isa = PBXGroup;
			children = (
				A6F144C22EE16DF5006F5F2C /* MenuBarManager.swift */,
				BB0004 /* JiraService.swift */,
				BB0013 /* Logger.swift */,
				A6CBA4B82ED0395200528322 /* AudioRecorder.swift */,
				A6CBA4B92ED0395200528322 /* WhisperService.swift */,
				A6CBA4C82ED03EF400528322 /* AIService.swift */,
				A6CBA4C92ED03EF400528322 /* VertexAIClient.swift */,
			);
			path = Services;
			sourceTree = "<group>";
		};
		FF0004 /* Views */ = {
			isa = PBXGroup;
			children = (
				A693ABEF2EE7AB4C00768F00 /* MentionTextField.swift */,
				A6F144C42EE16E04006F5F2C /* MenuBarQuickCreateView.swift */,
				A6BACF682ED7C013000A4D2B /* JQLBuilderView.swift */,
				BB0005 /* FilterPanel.swift */,
				BB0006 /* SprintInfoView.swift */,
				BB0011 /* PersistentSplitView.swift */,
				BB0012 /* SettingsView.swift */,
				A6CBA4C12ED0398E00528322 /* IndigoView.swift */,
				A6CBA4C22ED0398E00528322 /* VisualEffectView.swift */,
				BB0014 /* IssueDetailView.swift */,
				069156 /* SaveViewDialog.swift */,
				6C76CE /* ManageViewsSheet.swift */,
			);
			path = Views;
			sourceTree = "<group>";
		};
		FF0005 /* Config */ = {
			isa = PBXGroup;
			children = (
				BB0007 /* Configuration.swift */,
			);
			path = Config;
			sourceTree = "<group>";
		};
		GG0001 /* Products */ = {
			isa = PBXGroup;
			children = (
				CC0001 /* Viewpoint.app */,
			);
			name = Products;
			sourceTree = "<group>";
		};
/* End PBXGroup section */

/* Begin PBXNativeTarget section */
		HH0001 /* Viewpoint */ = {
			isa = PBXNativeTarget;
			buildConfigurationList = II0001 /* Build configuration list for PBXNativeTarget "Viewpoint" */;
			buildPhases = (
				DD0002 /* Sources */,
				DD0001 /* Frameworks */,
				DD0003 /* Resources */,
			);
			buildRules = (
			);
			dependencies = (
			);
			name = Viewpoint;
			productName = Viewpoint;
			productReference = CC0001 /* Viewpoint.app */;
			productType = "com.apple.product-type.application";
		};
/* End PBXNativeTarget section */

/* Begin PBXProject section */
		JJ0001 /* Project object */ = {
			isa = PBXProject;
			attributes = {
				BuildIndependentTargetsInParallel = 1;
				LastSwiftUpdateCheck = 1500;
				LastUpgradeCheck = 2610;
				TargetAttributes = {
					HH0001 = {
						CreatedOnToolsVersion = 15.0;
					};
				};
			};
			buildConfigurationList = KK0001 /* Build configuration list for PBXProject "Viewpoint" */;
			compatibilityVersion = "Xcode 14.0";
			developmentRegion = en;
			hasScannedForEncodings = 0;
			knownRegions = (
				en,
				Base,
			);
			mainGroup = EE0001;
			packageReferences = (
				A6CBA4C52ED039CE00528322 /* XCRemoteSwiftPackageReference "WhisperKit" */,
			);
			productRefGroup = GG0001 /* Products */;
			projectDirPath = "";
			projectRoot = "";
			targets = (
				HH0001 /* Viewpoint */,
			);
		};
/* End PBXProject section */

/* Begin PBXResourcesBuildPhase section */
		DD0003 /* Resources */ = {
			isa = PBXResourcesBuildPhase;
			buildActionMask = 2147483647;
			files = (
				AA0008 /* Assets.xcassets in Resources */,
			);
			runOnlyForDeploymentPostprocessing = 0;
		};
/* End PBXResourcesBuildPhase section */

/* Begin PBXSourcesBuildPhase section */
		DD0002 /* Sources */ = {
			isa = PBXSourcesBuildPhase;
			buildActionMask = 2147483647;
			files = (
				AA0001 /* ViewpointApp.swift in Sources */,
				A6F144C52EE16E04006F5F2C /* MenuBarQuickCreateView.swift in Sources */,
				AA0002 /* ContentView.swift in Sources */,
				A693ABF02EE7AB4C00768F00 /* MentionTextField.swift in Sources */,
				AA0003 /* JiraModels.swift in Sources */,
				A6CBA4BD2ED0395F00528322 /* IndigoModels.swift in Sources */,
				A6BACF692ED7C013000A4D2B /* JQLBuilderView.swift in Sources */,
				AA0004 /* JiraService.swift in Sources */,
				AA0005 /* FilterPanel.swift in Sources */,
				A6CBA4C02ED0397500528322 /* IndigoViewModel.swift in Sources */,
				AA0006 /* SprintInfoView.swift in Sources */,
				A6CBA4C32ED0398E00528322 /* IndigoView.swift in Sources */,
				A6CBA4C42ED0398E00528322 /* VisualEffectView.swift in Sources */,
				AA0012 /* IssueDetailView.swift in Sources */,
				B32940 /* SavedView.swift in Sources */,
				54A55E /* SaveViewDialog.swift in Sources */,
				4EFE67 /* ManageViewsSheet.swift in Sources */,
				AA0007 /* Configuration.swift in Sources */,
				AA0009 /* PersistentSplitView.swift in Sources */,
				AA0010 /* SettingsView.swift in Sources */,
				AA0011 /* Logger.swift in Sources */,
				A6CBA4BA2ED0395200528322 /* WhisperService.swift in Sources */,
				A6CBA4CA2ED03EF400528322 /* VertexAIClient.swift in Sources */,
				A6F144C32EE16DF5006F5F2C /* MenuBarManager.swift in Sources */,
				A6CBA4CB2ED03EF400528322 /* AIService.swift in Sources */,
				A6BACF672ED7C002000A4D2B /* JQLAutocomplete.swift in Sources */,
				A6CBA4BB2ED0395200528322 /* AudioRecorder.swift in Sources */,
			);
			runOnlyForDeploymentPostprocessing = 0;
		};
/* End PBXSourcesBuildPhase section */

/* Begin XCBuildConfiguration section */
		LL0001 /* Debug */ = {
			isa = XCBuildConfiguration;
			buildSettings = {
				ALWAYS_SEARCH_USER_PATHS = NO;
				ASSETCATALOG_COMPILER_GENERATE_SWIFT_ASSET_SYMBOL_EXTENSIONS = YES;
				CLANG_ANALYZER_NONNULL = YES;
				CLANG_ANALYZER_NUMBER_OBJECT_CONVERSION = YES_AGGRESSIVE;
				CLANG_CXX_LANGUAGE_STANDARD = "gnu++20";
				CLANG_ENABLE_MODULES = YES;
				CLANG_ENABLE_OBJC_ARC = YES;
				CLANG_ENABLE_OBJC_WEAK = YES;
				CLANG_WARN_BLOCK_CAPTURE_AUTORELEASING = YES;
				CLANG_WARN_BOOL_CONVERSION = YES;
				CLANG_WARN_COMMA = YES;
				CLANG_WARN_CONSTANT_CONVERSION = YES;
				CLANG_WARN_DEPRECATED_OBJC_IMPLEMENTATIONS = YES;
				CLANG_WARN_DIRECT_OBJC_ISA_USAGE = YES_ERROR;
				CLANG_WARN_DOCUMENTATION_COMMENTS = YES;
				CLANG_WARN_EMPTY_BODY = YES;
				CLANG_WARN_ENUM_CONVERSION = YES;
				CLANG_WARN_INFINITE_RECURSION = YES;
				CLANG_WARN_INT_CONVERSION = YES;
				CLANG_WARN_NON_LITERAL_NULL_CONVERSION = YES;
				CLANG_WARN_OBJC_IMPLICIT_RETAIN_SELF = YES;
				CLANG_WARN_OBJC_LITERAL_CONVERSION = YES;
				CLANG_WARN_OBJC_ROOT_CLASS = YES_ERROR;
				CLANG_WARN_QUOTED_INCLUDE_IN_FRAMEWORK_HEADER = YES;
				CLANG_WARN_RANGE_LOOP_ANALYSIS = YES;
				CLANG_WARN_STRICT_PROTOTYPES = YES;
				CLANG_WARN_SUSPICIOUS_MOVE = YES;
				CLANG_WARN_UNGUARDED_AVAILABILITY = YES_AGGRESSIVE;
				CLANG_WARN_UNREACHABLE_CODE = YES;
				CLANG_WARN__DUPLICATE_METHOD_MATCH = YES;
				COPY_PHASE_STRIP = NO;
				DEAD_CODE_STRIPPING = YES;
				DEBUG_INFORMATION_FORMAT = dwarf;
				DEVELOPMENT_TEAM = N3WXD74E2V;
				ENABLE_STRICT_OBJC_MSGSEND = YES;
				ENABLE_TESTABILITY = YES;
				ENABLE_USER_SCRIPT_SANDBOXING = YES;
				GCC_C_LANGUAGE_STANDARD = gnu17;
				GCC_DYNAMIC_NO_PIC = NO;
				GCC_NO_COMMON_BLOCKS = YES;
				GCC_OPTIMIZATION_LEVEL = 0;
				GCC_PREPROCESSOR_DEFINITIONS = (
					"DEBUG=1",
					"$(inherited)",
				);
				GCC_WARN_64_TO_32_BIT_CONVERSION = YES;
				GCC_WARN_ABOUT_RETURN_TYPE = YES_ERROR;
				GCC_WARN_UNDECLARED_SELECTOR = YES;
				GCC_WARN_UNINITIALIZED_AUTOS = YES_AGGRESSIVE;
				GCC_WARN_UNUSED_FUNCTION = YES;
				GCC_WARN_UNUSED_VARIABLE = YES;
				LOCALIZATION_PREFERS_STRING_CATALOGS = YES;
				MACOSX_DEPLOYMENT_TARGET = 13.0;
				MTL_ENABLE_DEBUG_INFO = INCLUDE_SOURCE;
				MTL_FAST_MATH = YES;
				ONLY_ACTIVE_ARCH = YES;
				SDKROOT = macosx;
				STRING_CATALOG_GENERATE_SYMBOLS = YES;
				SWIFT_ACTIVE_COMPILATION_CONDITIONS = "DEBUG $(inherited)";
				SWIFT_OPTIMIZATION_LEVEL = "-Onone";
			};
			name = Debug;
		};
		LL0002 /* Release */ = {
			isa = XCBuildConfiguration;
			buildSettings = {
				ALWAYS_SEARCH_USER_PATHS = NO;
				ASSETCATALOG_COMPILER_GENERATE_SWIFT_ASSET_SYMBOL_EXTENSIONS = YES;
				CLANG_ANALYZER_NONNULL = YES;
				CLANG_ANALYZER_NUMBER_OBJECT_CONVERSION = YES_AGGRESSIVE;
				CLANG_CXX_LANGUAGE_STANDARD = "gnu++20";
				CLANG_ENABLE_MODULES = YES;
				CLANG_ENABLE_OBJC_ARC = YES;
				CLANG_ENABLE_OBJC_WEAK = YES;
				CLANG_WARN_BLOCK_CAPTURE_AUTORELEASING = YES;
				CLANG_WARN_BOOL_CONVERSION = YES;
				CLANG_WARN_COMMA = YES;
				CLANG_WARN_CONSTANT_CONVERSION = YES;
				CLANG_WARN_DEPRECATED_OBJC_IMPLEMENTATIONS = YES;
				CLANG_WARN_DIRECT_OBJC_ISA_USAGE = YES_ERROR;
				CLANG_WARN_DOCUMENTATION_COMMENTS = YES;
				CLANG_WARN_EMPTY_BODY = YES;
				CLANG_WARN_ENUM_CONVERSION = YES;
				CLANG_WARN_INFINITE_RECURSION = YES;
				CLANG_WARN_INT_CONVERSION = YES;
				CLANG_WARN_NON_LITERAL_NULL_CONVERSION = YES;
				CLANG_WARN_OBJC_IMPLICIT_RETAIN_SELF = YES;
				CLANG_WARN_OBJC_LITERAL_CONVERSION = YES;
				CLANG_WARN_OBJC_ROOT_CLASS = YES_ERROR;
				CLANG_WARN_QUOTED_INCLUDE_IN_FRAMEWORK_HEADER = YES;
				CLANG_WARN_RANGE_LOOP_ANALYSIS = YES;
				CLANG_WARN_STRICT_PROTOTYPES = YES;
				CLANG_WARN_SUSPICIOUS_MOVE = YES;
				CLANG_WARN_UNGUARDED_AVAILABILITY = YES_AGGRESSIVE;
				CLANG_WARN_UNREACHABLE_CODE = YES;
				CLANG_WARN__DUPLICATE_METHOD_MATCH = YES;
				COPY_PHASE_STRIP = NO;
				DEAD_CODE_STRIPPING = YES;
				DEBUG_INFORMATION_FORMAT = "dwarf-with-dsym";
				DEVELOPMENT_TEAM = N3WXD74E2V;
				ENABLE_NS_ASSERTIONS = NO;
				ENABLE_STRICT_OBJC_MSGSEND = YES;
				ENABLE_USER_SCRIPT_SANDBOXING = YES;
				GCC_C_LANGUAGE_STANDARD = gnu17;
				GCC_NO_COMMON_BLOCKS = YES;
				GCC_WARN_64_TO_32_BIT_CONVERSION = YES;
				GCC_WARN_ABOUT_RETURN_TYPE = YES_ERROR;
				GCC_WARN_UNDECLARED_SELECTOR = YES;
				GCC_WARN_UNINITIALIZED_AUTOS = YES_AGGRESSIVE;
				GCC_WARN_UNUSED_FUNCTION = YES;
				GCC_WARN_UNUSED_VARIABLE = YES;
				LOCALIZATION_PREFERS_STRING_CATALOGS = YES;
				MACOSX_DEPLOYMENT_TARGET = 13.0;
				MTL_ENABLE_DEBUG_INFO = NO;
				MTL_FAST_MATH = YES;
				SDKROOT = macosx;
				STRING_CATALOG_GENERATE_SYMBOLS = YES;
				SWIFT_COMPILATION_MODE = wholemodule;
			};
			name = Release;
		};
		MM0001 /* Debug */ = {
			isa = XCBuildConfiguration;
			buildSettings = {
				ASSETCATALOG_COMPILER_APPICON_NAME = AppIcon;
				ASSETCATALOG_COMPILER_GLOBAL_ACCENT_COLOR_NAME = AccentColor;
				CODE_SIGN_ENTITLEMENTS = Viewpoint/Viewpoint.entitlements;
				CODE_SIGN_IDENTITY = "Apple Development";
				CODE_SIGN_STYLE = Automatic;
				COMBINE_HIDPI_IMAGES = YES;
				CURRENT_PROJECT_VERSION = 1;
				DEAD_CODE_STRIPPING = YES;
				ENABLE_APP_SANDBOX = YES;
				ENABLE_HARDENED_RUNTIME = YES;
				ENABLE_INCOMING_NETWORK_CONNECTIONS = NO;
				ENABLE_OUTGOING_NETWORK_CONNECTIONS = YES;
				ENABLE_PREVIEWS = YES;
				ENABLE_RESOURCE_ACCESS_AUDIO_INPUT = YES;
				ENABLE_RESOURCE_ACCESS_BLUETOOTH = NO;
				ENABLE_RESOURCE_ACCESS_CALENDARS = NO;
				ENABLE_RESOURCE_ACCESS_CAMERA = NO;
				ENABLE_RESOURCE_ACCESS_CONTACTS = NO;
				ENABLE_RESOURCE_ACCESS_LOCATION = NO;
				ENABLE_RESOURCE_ACCESS_PRINTING = NO;
				ENABLE_RESOURCE_ACCESS_USB = NO;
				GENERATE_INFOPLIST_FILE = NO;
				INFOPLIST_FILE = Viewpoint/Info.plist;
				INFOPLIST_KEY_LSApplicationCategoryType = "public.app-category.productivity";
				INFOPLIST_KEY_NSHumanReadableCopyright = "";
				INFOPLIST_KEY_NSPrincipalClass = NSApplication;
				LD_RUNPATH_SEARCH_PATHS = (
					"$(inherited)",
					"@executable_path/../Frameworks",
				);
				MARKETING_VERSION = 1.0;
				PRODUCT_BUNDLE_IDENTIFIER = com.smamdani.Viewpoint;
				PRODUCT_NAME = "$(TARGET_NAME)";
				PROVISIONING_PROFILE_SPECIFIER = "";
				SWIFT_EMIT_LOC_STRINGS = YES;
				SWIFT_VERSION = 5.0;
			};
			name = Debug;
		};
		MM0002 /* Release */ = {
			isa = XCBuildConfiguration;
			buildSettings = {
				ASSETCATALOG_COMPILER_APPICON_NAME = AppIcon;
				ASSETCATALOG_COMPILER_GLOBAL_ACCENT_COLOR_NAME = AccentColor;
				CODE_SIGN_ENTITLEMENTS = Viewpoint/Viewpoint.entitlements;
				CODE_SIGN_IDENTITY = "Apple Development";
				CODE_SIGN_STYLE = Automatic;
				COMBINE_HIDPI_IMAGES = YES;
				CURRENT_PROJECT_VERSION = 1;
				DEAD_CODE_STRIPPING = YES;
				ENABLE_APP_SANDBOX = YES;
				ENABLE_HARDENED_RUNTIME = YES;
				ENABLE_INCOMING_NETWORK_CONNECTIONS = NO;
				ENABLE_OUTGOING_NETWORK_CONNECTIONS = YES;
				ENABLE_PREVIEWS = YES;
				ENABLE_RESOURCE_ACCESS_AUDIO_INPUT = YES;
				ENABLE_RESOURCE_ACCESS_BLUETOOTH = NO;
				ENABLE_RESOURCE_ACCESS_CALENDARS = NO;
				ENABLE_RESOURCE_ACCESS_CAMERA = NO;
				ENABLE_RESOURCE_ACCESS_CONTACTS = NO;
				ENABLE_RESOURCE_ACCESS_LOCATION = NO;
				ENABLE_RESOURCE_ACCESS_PRINTING = NO;
				ENABLE_RESOURCE_ACCESS_USB = NO;
				GENERATE_INFOPLIST_FILE = NO;
				INFOPLIST_FILE = Viewpoint/Info.plist;
				INFOPLIST_KEY_LSApplicationCategoryType = "public.app-category.productivity";
				INFOPLIST_KEY_NSHumanReadableCopyright = "";
				INFOPLIST_KEY_NSPrincipalClass = NSApplication;
				LD_RUNPATH_SEARCH_PATHS = (
					"$(inherited)",
					"@executable_path/../Frameworks",
				);
				MARKETING_VERSION = 1.0;
				PRODUCT_BUNDLE_IDENTIFIER = com.smamdani.Viewpoint;
				PRODUCT_NAME = "$(TARGET_NAME)";
				PROVISIONING_PROFILE_SPECIFIER = "";
				SWIFT_EMIT_LOC_STRINGS = YES;
				SWIFT_VERSION = 5.0;
			};
			name = Release;
		};
/* End XCBuildConfiguration section */

/* Begin XCConfigurationList section */
		II0001 /* Build configuration list for PBXNativeTarget "Viewpoint" */ = {
			isa = XCConfigurationList;
			buildConfigurations = (
				MM0001 /* Debug */,
				MM0002 /* Release */,
			);
			defaultConfigurationIsVisible = 0;
			defaultConfigurationName = Release;
		};
		KK0001 /* Build configuration list for PBXProject "Viewpoint" */ = {
			isa = XCConfigurationList;
			buildConfigurations = (
				LL0001 /* Debug */,
				LL0002 /* Release */,
			);
			defaultConfigurationIsVisible = 0;
			defaultConfigurationName = Release;
		};
/* End XCConfigurationList section */

/* Begin XCRemoteSwiftPackageReference section */
		A6CBA4C52ED039CE00528322 /* XCRemoteSwiftPackageReference "WhisperKit" */ = {
			isa = XCRemoteSwiftPackageReference;
			repositoryURL = "https://github.com/argmaxinc/WhisperKit";
			requirement = {
				branch = main;
				kind = branch;
			};
		};
/* End XCRemoteSwiftPackageReference section */

/* Begin XCSwiftPackageProductDependency section */
		A6CBA4C62ED039CE00528322 /* WhisperKit */ = {
			isa = XCSwiftPackageProductDependency;
			package = A6CBA4C52ED039CE00528322 /* XCRemoteSwiftPackageReference "WhisperKit" */;
			productName = WhisperKit;
		};
/* End XCSwiftPackageProductDependency section */
	};
	rootObject = JJ0001 /* Project object */;
}
